Microsoft Visual Studio Solution File, Format Version 12.00
# Visual Studio Version 17
VisualStudioVersion = 17.0.31903.59
MinimumVisualStudioVersion = 10.0.40219.1
Project("{FAE04EC0-301F-11D3-BF4B-00C04F79EFBC}") = "ClientUI", "ClientUI\ClientUI.csproj", "{F99A1010-054A-41B8-88E3-830E0BBB66EF}"
EndProject
Project("{FAE04EC0-301F-11D3-BF4B-00C04F79EFBC}") = "NativeClientBridge", "NativeClientBridge\NativeClientBridge.csproj", "{98DFB729-0771-4871-83F5-97213CBC68EC}"
EndProject
Project("{FAE04EC0-301F-11D3-BF4B-00C04F79EFBC}") = "OpenSteamworks", "OpenSteamworks\OpenSteamworks.csproj", "{E95A5F20-170B-4826-8CA5-502F43C301CE}"
EndProject
Global
	GlobalSection(SolutionConfigurationPlatforms) = preSolution
		Debug|Any CPU = Debug|Any CPU
		Release|Any CPU = Release|Any CPU
	EndGlobalSection
	GlobalSection(SolutionProperties) = preSolution
		HideSolutionNode = FALSE
	EndGlobalSection
	GlobalSection(ProjectConfigurationPlatforms) = postSolution
		{F99A1010-054A-41B8-88E3-830E0BBB66EF}.Debug|Any CPU.ActiveCfg = Debug|Any CPU
		{F99A1010-054A-41B8-88E3-830E0BBB66EF}.Debug|Any CPU.Build.0 = Debug|Any CPU
		{F99A1010-054A-41B8-88E3-830E0BBB66EF}.Release|Any CPU.ActiveCfg = Release|Any CPU
		{F99A1010-054A-41B8-88E3-830E0BBB66EF}.Release|Any CPU.Build.0 = Release|Any CPU
		{98DFB729-0771-4871-83F5-97213CBC68EC}.Debug|Any CPU.ActiveCfg = Debug|Any CPU
		{98DFB729-0771-4871-83F5-97213CBC68EC}.Debug|Any CPU.Build.0 = Debug|Any CPU
		{98DFB729-0771-4871-83F5-97213CBC68EC}.Release|Any CPU.ActiveCfg = Release|Any CPU
		{98DFB729-0771-4871-83F5-97213CBC68EC}.Release|Any CPU.Build.0 = Release|Any CPU
		{E95A5F20-170B-4826-8CA5-502F43C301CE}.Debug|Any CPU.ActiveCfg = Debug|Any CPU
		{E95A5F20-170B-4826-8CA5-502F43C301CE}.Debug|Any CPU.Build.0 = Debug|Any CPU
		{E95A5F20-170B-4826-8CA5-502F43C301CE}.Release|Any CPU.ActiveCfg = Release|Any CPU
		{E95A5F20-170B-4826-8CA5-502F43C301CE}.Release|Any CPU.Build.0 = Release|Any CPU
	EndGlobalSection
EndGlobal
