Microsoft Visual Studio Solution File, Format Version 12.00
# Visual Studio Version 17
VisualStudioVersion = 17.0.31903.59
MinimumVisualStudioVersion = 10.0.40219.1
Project("{FAE04EC0-301F-11D3-BF4B-00C04F79EFBC}") = "OpenSteamClient", "OpenSteamClient\OpenSteamClient.csproj", "{F99A1010-054A-41B8-88E3-830E0BBB66EF}"
EndProject
Project("{FAE04EC0-301F-11D3-BF4B-00C04F79EFBC}") = "OpenSteamworks", "OpenSteamworks\OpenSteamworks.csproj", "{E95A5F20-170B-4826-8CA5-502F43C301CE}"
EndProject
Project("{FAE04EC0-301F-11D3-BF4B-00C04F79EFBC}") = "OpenSteamworks.Client", "OpenSteamworks.Client\OpenSteamworks.Client.csproj", "{FFA4DBFB-4F66-4EBF-9A84-4F19A7ADAF95}"
EndProject
Project("{FAE04EC0-301F-11D3-BF4B-00C04F79EFBC}") = "Installer", "Installer\Installer.csproj", "{0DF0A8CB-BEA8-4809-9532-FA084BE99407}"
EndProject
Project("{365F114A-2C62-4BA8-AE62-95E7E440C0AD}") = "MainExe", "MainExe\MainExe.csproj", "{97A11C5F-5A2B-43EB-BAEB-68F08E1C5080}"
EndProject
Project("{2150E333-8FDC-42A3-9474-1A3956D46DE8}") = "MainExe", "MainExe", "{28FC9377-6212-4732-82EC-D29D3239095F}"
EndProject
Project("{FAE04EC0-301F-11D3-BF4B-00C04F79EFBC}") = "managed", "MainExe\managed\managed.csproj", "{6F856C94-1184-4720-8D7C-2157051B9A2D}"
EndProject
Global
	GlobalSection(SolutionConfigurationPlatforms) = preSolution
		Debug|Any CPU = Debug|Any CPU
		Release|Any CPU = Release|Any CPU
	EndGlobalSection
	GlobalSection(SolutionProperties) = preSolution
		HideSolutionNode = FALSE
	EndGlobalSection
	GlobalSection(ProjectConfigurationPlatforms) = postSolution
		{F99A1010-054A-41B8-88E3-830E0BBB66EF}.Debug|Any CPU.ActiveCfg = Debug|Any CPU
		{F99A1010-054A-41B8-88E3-830E0BBB66EF}.Debug|Any CPU.Build.0 = Debug|Any CPU
		{F99A1010-054A-41B8-88E3-830E0BBB66EF}.Release|Any CPU.ActiveCfg = Release|Any CPU
		{F99A1010-054A-41B8-88E3-830E0BBB66EF}.Release|Any CPU.Build.0 = Release|Any CPU
		{E95A5F20-170B-4826-8CA5-502F43C301CE}.Debug|Any CPU.ActiveCfg = Debug|Any CPU
		{E95A5F20-170B-4826-8CA5-502F43C301CE}.Debug|Any CPU.Build.0 = Debug|Any CPU
		{E95A5F20-170B-4826-8CA5-502F43C301CE}.Release|Any CPU.ActiveCfg = Release|Any CPU
		{E95A5F20-170B-4826-8CA5-502F43C301CE}.Release|Any CPU.Build.0 = Release|Any CPU
		{FFA4DBFB-4F66-4EBF-9A84-4F19A7ADAF95}.Debug|Any CPU.ActiveCfg = Debug|Any CPU
		{FFA4DBFB-4F66-4EBF-9A84-4F19A7ADAF95}.Debug|Any CPU.Build.0 = Debug|Any CPU
		{FFA4DBFB-4F66-4EBF-9A84-4F19A7ADAF95}.Release|Any CPU.ActiveCfg = Release|Any CPU
		{FFA4DBFB-4F66-4EBF-9A84-4F19A7ADAF95}.Release|Any CPU.Build.0 = Release|Any CPU
		{0DF0A8CB-BEA8-4809-9532-FA084BE99407}.Debug|Any CPU.ActiveCfg = Debug|Any CPU
		{0DF0A8CB-BEA8-4809-9532-FA084BE99407}.Debug|Any CPU.Build.0 = Debug|Any CPU
		{0DF0A8CB-BEA8-4809-9532-FA084BE99407}.Release|Any CPU.ActiveCfg = Release|Any CPU
		{0DF0A8CB-BEA8-4809-9532-FA084BE99407}.Release|Any CPU.Build.0 = Release|Any CPU
		{97A11C5F-5A2B-43EB-BAEB-68F08E1C5080}.Debug|Any CPU.ActiveCfg = Debug|Any CPU
		{97A11C5F-5A2B-43EB-BAEB-68F08E1C5080}.Debug|Any CPU.Build.0 = Debug|Any CPU
		{97A11C5F-5A2B-43EB-BAEB-68F08E1C5080}.Release|Any CPU.ActiveCfg = Release|Any CPU
		{97A11C5F-5A2B-43EB-BAEB-68F08E1C5080}.Release|Any CPU.Build.0 = Release|Any CPU
		{6F856C94-1184-4720-8D7C-2157051B9A2D}.Debug|Any CPU.ActiveCfg = Debug|Any CPU
		{6F856C94-1184-4720-8D7C-2157051B9A2D}.Debug|Any CPU.Build.0 = Debug|Any CPU
		{6F856C94-1184-4720-8D7C-2157051B9A2D}.Release|Any CPU.ActiveCfg = Release|Any CPU
		{6F856C94-1184-4720-8D7C-2157051B9A2D}.Release|Any CPU.Build.0 = Release|Any CPU
	EndGlobalSection
	GlobalSection(NestedProjects) = preSolution
		{97A11C5F-5A2B-43EB-BAEB-68F08E1C5080} = {28FC9377-6212-4732-82EC-D29D3239095F}
		{6F856C94-1184-4720-8D7C-2157051B9A2D} = {28FC9377-6212-4732-82EC-D29D3239095F}
	EndGlobalSection
EndGlobal
